lockfileVersion: "9.0"

settings:
  autoInstallPeers: true
  excludeLinksFromLockfile: false

importers:
  .:
    dependencies:
      "@ai-sdk/deepseek":
        specifier: ^1.0.27
        version: 1.0.27(zod@4.1.12)
      "@ai-sdk/openai":
        specifier: ^2.0.64
        version: 2.0.64(zod@4.1.12)
      ai:
        specifier: ^5.0.89
        version: 5.0.89(zod@4.1.12)
      dayjs:
        specifier: ^1.11.19
        version: 1.11.19
      dotenv:
        specifier: ^17.2.3
        version: 17.2.3
      glob:
        specifier: ^11.0.0
        version: 11.0.3
      gray-matter:
        specifier: ^4.0.3
        version: 4.0.3
      highlight.js:
        specifier: ^11.10.0
        version: 11.11.1
      markdown-it:
        specifier: ^14.1.0
        version: 14.1.0
      markdown-it-anchor:
        specifier: ^8.6.7
        version: 8.6.7(@types/markdown-it@14.1.2)(markdown-it@14.1.0)
      pathe:
        specifier: ^2.0.3
        version: 2.0.3
    devDependencies:
      "@types/markdown-it":
        specifier: ^14.1.2
        version: 14.1.2
      "@types/node":
        specifier: ^22.7.5
        version: 22.19.0
      lefthook:
        specifier: ^1.7.9
        version: 1.13.6
      prettier:
        specifier: ^3.6.2
        version: 3.6.2
      tsx:
        specifier: ^4.19.2
        version: 4.20.6
      typescript:
        specifier: ^5.6.3
        version: 5.9.3

packages:
  "@ai-sdk/deepseek@1.0.27":
    resolution:
      {
        integrity: sha512-ZDT950qNOmhXRSGHfyvmIJ56Dd2cuJ3dN5zp7aw3gV98d5mSjQpIo0B2Fb/EBxOOc1e7xVtKLGZRnomCm35JOw==,
      }
    engines: { node: ">=18" }
    peerDependencies:
      zod: ^3.25.76 || ^4.1.8

  "@ai-sdk/gateway@2.0.7":
    resolution:
      {
        integrity: sha512-/AI5AKi4vOK9SEb8Z1dfXkhsJ5NAfWsoJQc96B/mzn2KIrjw5occOjIwD06scuhV9xWlghCoXJT1sQD9QH/tyg==,
      }
    engines: { node: ">=18" }
    peerDependencies:
      zod: ^3.25.76 || ^4.1.8

  "@ai-sdk/openai-compatible@1.0.26":
    resolution:
      {
        integrity: sha512-HwhnTN29fxdrvHaS4fnTUKGayhcInVjB5wcC8HDJjA8X8hFEiXsWydvO6MxFjPsnEMKz/ISg87L12RhdzVpP8Q==,
      }
    engines: { node: ">=18" }
    peerDependencies:
      zod: ^3.25.76 || ^4.1.8

  "@ai-sdk/openai@2.0.64":
    resolution:
      {
        integrity: sha512-+1mqxn42uB32DPZ6kurSyGAmL3MgCaDpkYU7zNDWI4NLy3Zg97RxTsI1jBCGIqkEVvRZKJlIMYtb89OvMnq3AQ==,
      }
    engines: { node: ">=18" }
    peerDependencies:
      zod: ^3.25.76 || ^4.1.8

  "@ai-sdk/provider-utils@3.0.16":
    resolution:
      {
        integrity: sha512-lsWQY9aDXHitw7C1QRYIbVGmgwyT98TF3MfM8alNIXKpdJdi+W782Rzd9f1RyOfgRmZ08gJ2EYNDhWNK7RqpEA==,
      }
    engines: { node: ">=18" }
    peerDependencies:
      zod: ^3.25.76 || ^4.1.8

  "@ai-sdk/provider@2.0.0":
    resolution:
      {
        integrity: sha512-6o7Y2SeO9vFKB8lArHXehNuusnpddKPk7xqL7T2/b+OvXMRIXUO1rR4wcv1hAFUAT9avGZshty3Wlua/XA7TvA==,
      }
    engines: { node: ">=18" }

  "@esbuild/aix-ppc64@0.25.12":
    resolution:
      {
        integrity: sha512-Hhmwd6CInZ3dwpuGTF8fJG6yoWmsToE+vYgD4nytZVxcu1ulHpUQRAB1UJ8+N1Am3Mz4+xOByoQoSZf4D+CpkA==,
      }
    engines: { node: ">=18" }
    cpu: [ppc64]
    os: [aix]

  "@esbuild/android-arm64@0.25.12":
    resolution:
      {
        integrity: sha512-6AAmLG7zwD1Z159jCKPvAxZd4y/VTO0VkprYy+3N2FtJ8+BQWFXU+OxARIwA46c5tdD9SsKGZ/1ocqBS/gAKHg==,
      }
    engines: { node: ">=18" }
    cpu: [arm64]
    os: [android]

  "@esbuild/android-arm@0.25.12":
    resolution:
      {
        integrity: sha512-VJ+sKvNA/GE7Ccacc9Cha7bpS8nyzVv0jdVgwNDaR4gDMC/2TTRc33Ip8qrNYUcpkOHUT5OZ0bUcNNVZQ9RLlg==,
      }
    engines: { node: ">=18" }
    cpu: [arm]
    os: [android]

  "@esbuild/android-x64@0.25.12":
    resolution:
      {
        integrity: sha512-5jbb+2hhDHx5phYR2By8GTWEzn6I9UqR11Kwf22iKbNpYrsmRB18aX/9ivc5cabcUiAT/wM+YIZ6SG9QO6a8kg==,
      }
    engines: { node: ">=18" }
    cpu: [x64]
    os: [android]

  "@esbuild/darwin-arm64@0.25.12":
    resolution:
      {
        integrity: sha512-N3zl+lxHCifgIlcMUP5016ESkeQjLj/959RxxNYIthIg+CQHInujFuXeWbWMgnTo4cp5XVHqFPmpyu9J65C1Yg==,
      }
    engines: { node: ">=18" }
    cpu: [arm64]
    os: [darwin]

  "@esbuild/darwin-x64@0.25.12":
    resolution:
      {
        integrity: sha512-HQ9ka4Kx21qHXwtlTUVbKJOAnmG1ipXhdWTmNXiPzPfWKpXqASVcWdnf2bnL73wgjNrFXAa3yYvBSd9pzfEIpA==,
      }
    engines: { node: ">=18" }
    cpu: [x64]
    os: [darwin]

  "@esbuild/freebsd-arm64@0.25.12":
    resolution:
      {
        integrity: sha512-gA0Bx759+7Jve03K1S0vkOu5Lg/85dou3EseOGUes8flVOGxbhDDh/iZaoek11Y8mtyKPGF3vP8XhnkDEAmzeg==,
      }
    engines: { node: ">=18" }
    cpu: [arm64]
    os: [freebsd]

  "@esbuild/freebsd-x64@0.25.12":
    resolution:
      {
        integrity: sha512-TGbO26Yw2xsHzxtbVFGEXBFH0FRAP7gtcPE7P5yP7wGy7cXK2oO7RyOhL5NLiqTlBh47XhmIUXuGciXEqYFfBQ==,
      }
    engines: { node: ">=18" }
    cpu: [x64]
    os: [freebsd]

  "@esbuild/linux-arm64@0.25.12":
    resolution:
      {
        integrity: sha512-8bwX7a8FghIgrupcxb4aUmYDLp8pX06rGh5HqDT7bB+8Rdells6mHvrFHHW2JAOPZUbnjUpKTLg6ECyzvas2AQ==,
      }
    engines: { node: ">=18" }
    cpu: [arm64]
    os: [linux]

  "@esbuild/linux-arm@0.25.12":
    resolution:
      {
        integrity: sha512-lPDGyC1JPDou8kGcywY0YILzWlhhnRjdof3UlcoqYmS9El818LLfJJc3PXXgZHrHCAKs/Z2SeZtDJr5MrkxtOw==,
      }
    engines: { node: ">=18" }
    cpu: [arm]
    os: [linux]

  "@esbuild/linux-ia32@0.25.12":
    resolution:
      {
        integrity: sha512-0y9KrdVnbMM2/vG8KfU0byhUN+EFCny9+8g202gYqSSVMonbsCfLjUO+rCci7pM0WBEtz+oK/PIwHkzxkyharA==,
      }
    engines: { node: ">=18" }
    cpu: [ia32]
    os: [linux]

  "@esbuild/linux-loong64@0.25.12":
    resolution:
      {
        integrity: sha512-h///Lr5a9rib/v1GGqXVGzjL4TMvVTv+s1DPoxQdz7l/AYv6LDSxdIwzxkrPW438oUXiDtwM10o9PmwS/6Z0Ng==,
      }
    engines: { node: ">=18" }
    cpu: [loong64]
    os: [linux]

  "@esbuild/linux-mips64el@0.25.12":
    resolution:
      {
        integrity: sha512-iyRrM1Pzy9GFMDLsXn1iHUm18nhKnNMWscjmp4+hpafcZjrr2WbT//d20xaGljXDBYHqRcl8HnxbX6uaA/eGVw==,
      }
    engines: { node: ">=18" }
    cpu: [mips64el]
    os: [linux]

  "@esbuild/linux-ppc64@0.25.12":
    resolution:
      {
        integrity: sha512-9meM/lRXxMi5PSUqEXRCtVjEZBGwB7P/D4yT8UG/mwIdze2aV4Vo6U5gD3+RsoHXKkHCfSxZKzmDssVlRj1QQA==,
      }
    engines: { node: ">=18" }
    cpu: [ppc64]
    os: [linux]

  "@esbuild/linux-riscv64@0.25.12":
    resolution:
      {
        integrity: sha512-Zr7KR4hgKUpWAwb1f3o5ygT04MzqVrGEGXGLnj15YQDJErYu/BGg+wmFlIDOdJp0PmB0lLvxFIOXZgFRrdjR0w==,
      }
    engines: { node: ">=18" }
    cpu: [riscv64]
    os: [linux]

  "@esbuild/linux-s390x@0.25.12":
    resolution:
      {
        integrity: sha512-MsKncOcgTNvdtiISc/jZs/Zf8d0cl/t3gYWX8J9ubBnVOwlk65UIEEvgBORTiljloIWnBzLs4qhzPkJcitIzIg==,
      }
    engines: { node: ">=18" }
    cpu: [s390x]
    os: [linux]

  "@esbuild/linux-x64@0.25.12":
    resolution:
      {
        integrity: sha512-uqZMTLr/zR/ed4jIGnwSLkaHmPjOjJvnm6TVVitAa08SLS9Z0VM8wIRx7gWbJB5/J54YuIMInDquWyYvQLZkgw==,
      }
    engines: { node: ">=18" }
    cpu: [x64]
    os: [linux]

  "@esbuild/netbsd-arm64@0.25.12":
    resolution:
      {
        integrity: sha512-xXwcTq4GhRM7J9A8Gv5boanHhRa/Q9KLVmcyXHCTaM4wKfIpWkdXiMog/KsnxzJ0A1+nD+zoecuzqPmCRyBGjg==,
      }
    engines: { node: ">=18" }
    cpu: [arm64]
    os: [netbsd]

  "@esbuild/netbsd-x64@0.25.12":
    resolution:
      {
        integrity: sha512-Ld5pTlzPy3YwGec4OuHh1aCVCRvOXdH8DgRjfDy/oumVovmuSzWfnSJg+VtakB9Cm0gxNO9BzWkj6mtO1FMXkQ==,
      }
    engines: { node: ">=18" }
    cpu: [x64]
    os: [netbsd]

  "@esbuild/openbsd-arm64@0.25.12":
    resolution:
      {
        integrity: sha512-fF96T6KsBo/pkQI950FARU9apGNTSlZGsv1jZBAlcLL1MLjLNIWPBkj5NlSz8aAzYKg+eNqknrUJ24QBybeR5A==,
      }
    engines: { node: ">=18" }
    cpu: [arm64]
    os: [openbsd]

  "@esbuild/openbsd-x64@0.25.12":
    resolution:
      {
        integrity: sha512-MZyXUkZHjQxUvzK7rN8DJ3SRmrVrke8ZyRusHlP+kuwqTcfWLyqMOE3sScPPyeIXN/mDJIfGXvcMqCgYKekoQw==,
      }
    engines: { node: ">=18" }
    cpu: [x64]
    os: [openbsd]

  "@esbuild/openharmony-arm64@0.25.12":
    resolution:
      {
        integrity: sha512-rm0YWsqUSRrjncSXGA7Zv78Nbnw4XL6/dzr20cyrQf7ZmRcsovpcRBdhD43Nuk3y7XIoW2OxMVvwuRvk9XdASg==,
      }
    engines: { node: ">=18" }
    cpu: [arm64]
    os: [openharmony]

  "@esbuild/sunos-x64@0.25.12":
    resolution:
      {
        integrity: sha512-3wGSCDyuTHQUzt0nV7bocDy72r2lI33QL3gkDNGkod22EsYl04sMf0qLb8luNKTOmgF/eDEDP5BFNwoBKH441w==,
      }
    engines: { node: ">=18" }
    cpu: [x64]
    os: [sunos]

  "@esbuild/win32-arm64@0.25.12":
    resolution:
      {
        integrity: sha512-rMmLrur64A7+DKlnSuwqUdRKyd3UE7oPJZmnljqEptesKM8wx9J8gx5u0+9Pq0fQQW8vqeKebwNXdfOyP+8Bsg==,
      }
    engines: { node: ">=18" }
    cpu: [arm64]
    os: [win32]

  "@esbuild/win32-ia32@0.25.12":
    resolution:
      {
        integrity: sha512-HkqnmmBoCbCwxUKKNPBixiWDGCpQGVsrQfJoVGYLPT41XWF8lHuE5N6WhVia2n4o5QK5M4tYr21827fNhi4byQ==,
      }
    engines: { node: ">=18" }
    cpu: [ia32]
    os: [win32]

  "@esbuild/win32-x64@0.25.12":
    resolution:
      {
        integrity: sha512-alJC0uCZpTFrSL0CCDjcgleBXPnCrEAhTBILpeAp7M/OFgoqtAetfBzX0xM00MUsVVPpVjlPuMbREqnZCXaTnA==,
      }
    engines: { node: ">=18" }
    cpu: [x64]
    os: [win32]

  "@isaacs/balanced-match@4.0.1":
    resolution:
      {
        integrity: sha512-yzMTt9lEb8Gv7zRioUilSglI0c0smZ9k5D65677DLWLtWJaXIS3CqcGyUFByYKlnUj6TkjLVs54fBl6+TiGQDQ==,
      }
    engines: { node: 20 || >=22 }

  "@isaacs/brace-expansion@5.0.0":
    resolution:
      {
        integrity: sha512-ZT55BDLV0yv0RBm2czMiZ+SqCGO7AvmOM3G/w2xhVPH+te0aKgFjmBvGlL1dH+ql2tgGO3MVrbb3jCKyvpgnxA==,
      }
    engines: { node: 20 || >=22 }

  "@isaacs/cliui@8.0.2":
    resolution:
      {
        integrity: sha512-O8jcjabXaleOG9DQ0+ARXWZBTfnP4WNAqzuiJK7ll44AmxGKv/J2M4TPjxjY3znBCfvBXFzucm1twdyFybFqEA==,
      }
    engines: { node: ">=12" }

  "@opentelemetry/api@1.9.0":
    resolution:
      {
        integrity: sha512-3giAOQvZiH5F9bMlMiv8+GSPMeqg0dbaeo58/0SlA9sxSqZhnUtxzX9/2FzyhS9sWQf5S0GJE0AKBrFqjpeYcg==,
      }
    engines: { node: ">=8.0.0" }

  "@standard-schema/spec@1.0.0":
    resolution:
      {
        integrity: sha512-m2bOd0f2RT9k8QJx1JN85cZYyH1RqFBdlwtkSlf4tBDYLCiiZnv1fIIwacK6cqwXavOydf0NPToMQgpKq+dVlA==,
      }

  "@types/linkify-it@5.0.0":
    resolution:
      {
        integrity: sha512-sVDA58zAw4eWAffKOaQH5/5j3XeayukzDk+ewSsnv3p4yJEZHCCzMDiZM8e0OUrRvmpGZ85jf4yDHkHsgBNr9Q==,
      }

  "@types/markdown-it@14.1.2":
    resolution:
      {
        integrity: sha512-promo4eFwuiW+TfGxhi+0x3czqTYJkG8qB17ZUJiVF10Xm7NLVRSLUsfRTU/6h1e24VvRnXCx+hG7li58lkzog==,
      }

  "@types/mdurl@2.0.0":
    resolution:
      {
        integrity: sha512-RGdgjQUZba5p6QEFAVx2OGb8rQDL/cPRG7GiedRzMcJ1tYnUANBncjbSB1NRGwbvjcPeikRABz2nshyPk1bhWg==,
      }

  "@types/node@22.19.0":
    resolution:
      {
        integrity: sha512-xpr/lmLPQEj+TUnHmR+Ab91/glhJvsqcjB+yY0Ix9GO70H6Lb4FHH5GeqdOE5btAx7eIMwuHkp4H2MSkLcqWbA==,
      }

  "@vercel/oidc@3.0.3":
    resolution:
      {
        integrity: sha512-yNEQvPcVrK9sIe637+I0jD6leluPxzwJKx/Haw6F4H77CdDsszUn5V3o96LPziXkSNE2B83+Z3mjqGKBK/R6Gg==,
      }
    engines: { node: ">= 20" }

  ai@5.0.89:
    resolution:
      {
        integrity: sha512-8Nq+ZojGacQrupoJEQLrTDzT5VtR3gyp5AaqFSV3tzsAXlYQ9Igb7QE3yeoEdzOk5IRfDwWL7mDCUD+oBg1hDA==,
      }
    engines: { node: ">=18" }
    peerDependencies:
      zod: ^3.25.76 || ^4.1.8

  ansi-regex@5.0.1:
    resolution:
      {
        integrity: sha512-quJQXlTSUGL2LH9SUXo8VwsY4soanhgo6LNSm84E1LBcE8s3O0wpdiRzyR9z/ZZJMlMWv37qOOb9pdJlMUEKFQ==,
      }
    engines: { node: ">=8" }

  ansi-regex@6.2.2:
    resolution:
      {
        integrity: sha512-Bq3SmSpyFHaWjPk8If9yc6svM8c56dB5BAtW4Qbw5jHTwwXXcTLoRMkpDJp6VL0XzlWaCHTXrkFURMYmD0sLqg==,
      }
    engines: { node: ">=12" }

  ansi-styles@4.3.0:
    resolution:
      {
        integrity: sha512-zbB9rCJAT1rbjiVDb2hqKFHNYLxgtk8NURxZ3IZwD3F6NtxbXZQCnnSi1Lkx+IDohdPlFp222wVALIheZJQSEg==,
      }
    engines: { node: ">=8" }

  ansi-styles@6.2.3:
    resolution:
      {
        integrity: sha512-4Dj6M28JB+oAH8kFkTLUo+a2jwOFkuqb3yucU0CANcRRUbxS0cP0nZYCGjcc3BNXwRIsUVmDGgzawme7zvJHvg==,
      }
    engines: { node: ">=12" }

  argparse@1.0.10:
    resolution:
      {
        integrity: sha512-o5Roy6tNG4SL/FOkCAN6RzjiakZS25RLYFrcMttJqbdd8BWrnA+fGz57iN5Pb06pvBGvl5gQ0B48dJlslXvoTg==,
      }

  argparse@2.0.1:
    resolution:
      {
        integrity: sha512-8+9WqebbFzpX9OR+Wa6O29asIogeRMzcGtAINdpMHHyAg10f05aSFVBbcEqGf/PXw1EjAZ+q2/bEBg3DvurK3Q==,
      }

  color-convert@2.0.1:
    resolution:
      {
        integrity: sha512-RRECPsj7iu/xb5oKYcsFHSppFNnsj/52OVTRKb4zP5onXwVF3zVmmToNcOfGC+CRDpfK/U584fMg38ZHCaElKQ==,
      }
    engines: { node: ">=7.0.0" }

  color-name@1.1.4:
    resolution:
      {
        integrity: sha512-dOy+3AuW3a2wNbZHIuMZpTcgjGuLU/uBL/ubcZF9OXbDo8ff4O8yVp5Bf0efS8uEoYo5q4Fx7dY9OgQGXgAsQA==,
      }

  cross-spawn@7.0.6:
    resolution:
      {
        integrity: sha512-uV2QOWP2nWzsy2aMp8aRibhi9dlzF5Hgh5SHaB9OiTGEyDTiJJyx0uy51QXdyWbtAHNua4XJzUKca3OzKUd3vA==,
      }
    engines: { node: ">= 8" }

  dayjs@1.11.19:
    resolution:
      {
        integrity: sha512-t5EcLVS6QPBNqM2z8fakk/NKel+Xzshgt8FFKAn+qwlD1pzZWxh0nVCrvFK7ZDb6XucZeF9z8C7CBWTRIVApAw==,
      }

  dotenv@17.2.3:
    resolution:
      {
        integrity: sha512-JVUnt+DUIzu87TABbhPmNfVdBDt18BLOWjMUFJMSi/Qqg7NTYtabbvSNJGOJ7afbRuv9D/lngizHtP7QyLQ+9w==,
      }
    engines: { node: ">=12" }

  eastasianwidth@0.2.0:
    resolution:
      {
        integrity: sha512-I88TYZWc9XiYHRQ4/3c5rjjfgkjhLyW2luGIheGERbNQ6OY7yTybanSpDXZa8y7VUP9YmDcYa+eyq4ca7iLqWA==,
      }

  emoji-regex@8.0.0:
    resolution:
      {
        integrity: sha512-MSjYzcWNOA0ewAHpz0MxpYFvwg6yjy1NG3xteoqz644VCo/RPgnr1/GGt+ic3iJTzQ8Eu3TdM14SawnVUmGE6A==,
      }

  emoji-regex@9.2.2:
    resolution:
      {
        integrity: sha512-L18DaJsXSUk2+42pv8mLs5jJT2hqFkFE4j21wOmgbUqsZ2hL72NsUU785g9RXgo3s0ZNgVl42TiHp3ZtOv/Vyg==,
      }

  entities@4.5.0:
    resolution:
      {
        integrity: sha512-V0hjH4dGPh9Ao5p0MoRY6BVqtwCjhz6vI5LT8AJ55H+4g9/4vbHx1I54fS0XuclLhDHArPQCiMjDxjaL8fPxhw==,
      }
    engines: { node: ">=0.12" }

  esbuild@0.25.12:
    resolution:
      {
        integrity: sha512-bbPBYYrtZbkt6Os6FiTLCTFxvq4tt3JKall1vRwshA3fdVztsLAatFaZobhkBC8/BrPetoa0oksYoKXoG4ryJg==,
      }
    engines: { node: ">=18" }
    hasBin: true

  esprima@4.0.1:
    resolution:
      {
        integrity: sha512-eGuFFw7Upda+g4p+QHvnW0RyTX/SVeJBDM/gCtMARO0cLuT2HcEKnTPvhjV6aGeqrCB/sbNop0Kszm0jsaWU4A==,
      }
    engines: { node: ">=4" }
    hasBin: true

  eventsource-parser@3.0.6:
    resolution:
      {
        integrity: sha512-Vo1ab+QXPzZ4tCa8SwIHJFaSzy4R6SHf7BY79rFBDf0idraZWAkYrDjDj8uWaSm3S2TK+hJ7/t1CEmZ7jXw+pg==,
      }
    engines: { node: ">=18.0.0" }

  extend-shallow@2.0.1:
    resolution:
      {
        integrity: sha512-zCnTtlxNoAiDc3gqY2aYAWFx7XWWiasuF2K8Me5WbN8otHKTUKBwjPtNpRs/rbUZm7KxWAaNj7P1a/p52GbVug==,
      }
    engines: { node: ">=0.10.0" }

  foreground-child@3.3.1:
    resolution:
      {
        integrity: sha512-gIXjKqtFuWEgzFRJA9WCQeSJLZDjgJUOMCMzxtvFq/37KojM1BFGufqsCy0r4qSQmYLsZYMeyRqzIWOMup03sw==,
      }
    engines: { node: ">=14" }

  fsevents@2.3.3:
    resolution:
      {
        integrity: sha512-5xoDfX+fL7faATnagmWPpbFtwh/R77WmMMqqHGS65C3vvB0YHrgF+B1YmZ3441tMj5n63k0212XNoJwzlhffQw==,
      }
    engines: { node: ^8.16.0 || ^10.6.0 || >=11.0.0 }
    os: [darwin]

  get-tsconfig@4.13.0:
    resolution:
      {
        integrity: sha512-1VKTZJCwBrvbd+Wn3AOgQP/2Av+TfTCOlE4AcRJE72W1ksZXbAx8PPBR9RzgTeSPzlPMHrbANMH3LbltH73wxQ==,
      }

  glob@11.0.3:
    resolution:
      {
        integrity: sha512-2Nim7dha1KVkaiF4q6Dj+ngPPMdfvLJEOpZk/jKiUAkqKebpGAWQXAq9z1xu9HKu5lWfqw/FASuccEjyznjPaA==,
      }
    engines: { node: 20 || >=22 }
    hasBin: true

  gray-matter@4.0.3:
    resolution:
      {
        integrity: sha512-5v6yZd4JK3eMI3FqqCouswVqwugaA9r4dNZB1wwcmrD02QkV5H0y7XBQW8QwQqEaZY1pM9aqORSORhJRdNK44Q==,
      }
    engines: { node: ">=6.0" }

  highlight.js@11.11.1:
    resolution:
      {
        integrity: sha512-Xwwo44whKBVCYoliBQwaPvtd/2tYFkRQtXDWj1nackaV2JPXx3L0+Jvd8/qCJ2p+ML0/XVkJ2q+Mr+UVdpJK5w==,
      }
    engines: { node: ">=12.0.0" }

  is-extendable@0.1.1:
    resolution:
      {
        integrity: sha512-5BMULNob1vgFX6EjQw5izWDxrecWK9AM72rugNr0TFldMOi0fj6Jk+zeKIt0xGj4cEfQIJth4w3OKWOJ4f+AFw==,
      }
    engines: { node: ">=0.10.0" }

  is-fullwidth-code-point@3.0.0:
    resolution:
      {
        integrity: sha512-zymm5+u+sCsSWyD9qNaejV3DFvhCKclKdizYaJUuHA83RLjb7nSuGnddCHGv0hk+KY7BMAlsWeK4Ueg6EV6XQg==,
      }
    engines: { node: ">=8" }

  isexe@2.0.0:
    resolution:
      {
        integrity: sha512-RHxMLp9lnKHGHRng9QFhRCMbYAcVpn69smSGcq3f36xjgVVWThj4qqLbTLlq7Ssj8B+fIQ1EuCEGI2lKsyQeIw==,
      }

  jackspeak@4.1.1:
    resolution:
      {
        integrity: sha512-zptv57P3GpL+O0I7VdMJNBZCu+BPHVQUk55Ft8/QCJjTVxrnJHuVuX/0Bl2A6/+2oyR/ZMEuFKwmzqqZ/U5nPQ==,
      }
    engines: { node: 20 || >=22 }

  js-yaml@3.14.1:
    resolution:
      {
        integrity: sha512-okMH7OXXJ7YrN9Ok3/SXrnu4iX9yOk+25nqX4imS2npuvTYDmo/QEZoqwZkYaIDk3jVvBOTOIEgEhaLOynBS9g==,
      }
    hasBin: true

  json-schema@0.4.0:
    resolution:
      {
        integrity: sha512-es94M3nTIfsEPisRafak+HDLfHXnKBhV3vU5eqPcS3flIWqcxJWgXHXiey3YrpaNsanY5ei1VoYEbOzijuq9BA==,
      }

  kind-of@6.0.3:
    resolution:
      {
        integrity: sha512-dcS1ul+9tmeD95T+x28/ehLgd9mENa3LsvDTtzm3vyBEO7RPptvAD+t44WVXaUjTBRcrpFeFlC8WCruUR456hw==,
      }
    engines: { node: ">=0.10.0" }

  lefthook-darwin-arm64@1.13.6:
    resolution:
      {
        integrity: sha512-m6Lb77VGc84/Qo21Lhq576pEvcgFCnvloEiP02HbAHcIXD0RTLy9u2yAInrixqZeaz13HYtdDaI7OBYAAdVt8A==,
      }
    cpu: [arm64]
    os: [darwin]

  lefthook-darwin-x64@1.13.6:
    resolution:
      {
        integrity: sha512-CoRpdzanu9RK3oXR1vbEJA5LN7iB+c7hP+sONeQJzoOXuq4PNKVtEaN84Gl1BrVtCNLHWFAvCQaZPPiiXSy8qg==,
      }
    cpu: [x64]
    os: [darwin]

  lefthook-freebsd-arm64@1.13.6:
    resolution:
      {
        integrity: sha512-X4A7yfvAJ68CoHTqP+XvQzdKbyd935sYy0bQT6Ajz7FL1g7hFiro8dqHSdPdkwei9hs8hXeV7feyTXbYmfjKQQ==,
      }
    cpu: [arm64]
    os: [freebsd]

  lefthook-freebsd-x64@1.13.6:
    resolution:
      {
        integrity: sha512-ai2m+Sj2kGdY46USfBrCqLKe9GYhzeq01nuyDYCrdGISePeZ6udOlD1k3lQKJGQCHb0bRz4St0r5nKDSh1x/2A==,
      }
    cpu: [x64]
    os: [freebsd]

  lefthook-linux-arm64@1.13.6:
    resolution:
      {
        integrity: sha512-cbo4Wtdq81GTABvikLORJsAWPKAJXE8Q5RXsICFUVznh5PHigS9dFW/4NXywo0+jfFPCT6SYds2zz4tCx6DA0Q==,
      }
    cpu: [arm64]
    os: [linux]

  lefthook-linux-x64@1.13.6:
    resolution:
      {
        integrity: sha512-uJl9vjCIIBTBvMZkemxCE+3zrZHlRO7Oc+nZJ+o9Oea3fu+W82jwX7a7clw8jqNfaeBS+8+ZEQgiMHWCloTsGw==,
      }
    cpu: [x64]
    os: [linux]

  lefthook-openbsd-arm64@1.13.6:
    resolution:
      {
        integrity: sha512-7r153dxrNRQ9ytRs2PmGKKkYdvZYFPre7My7XToSTiRu5jNCq++++eAKVkoyWPduk97dGIA+YWiEr5Noe0TK2A==,
      }
    cpu: [arm64]
    os: [openbsd]

  lefthook-openbsd-x64@1.13.6:
    resolution:
      {
        integrity: sha512-Z+UhLlcg1xrXOidK3aLLpgH7KrwNyWYE3yb7ITYnzJSEV8qXnePtVu8lvMBHs/myzemjBzeIr/U/+ipjclR06g==,
      }
    cpu: [x64]
    os: [openbsd]

  lefthook-windows-arm64@1.13.6:
    resolution:
      {
        integrity: sha512-Uxef6qoDxCmUNQwk8eBvddYJKSBFglfwAY9Y9+NnnmiHpWTjjYiObE9gT2mvGVpEgZRJVAatBXc+Ha5oDD/OgQ==,
      }
    cpu: [arm64]
    os: [win32]

  lefthook-windows-x64@1.13.6:
    resolution:
      {
        integrity: sha512-mOZoM3FQh3o08M8PQ/b3IYuL5oo36D9ehczIw1dAgp1Ly+Tr4fJ96A+4SEJrQuYeRD4mex9bR7Ps56I73sBSZA==,
      }
    cpu: [x64]
    os: [win32]

  lefthook@1.13.6:
    resolution:
      {
        integrity: sha512-ojj4/4IJ29Xn4drd5emqVgilegAPN3Kf0FQM2p/9+lwSTpU+SZ1v4Ig++NF+9MOa99UKY8bElmVrLhnUUNFh5g==,
      }
    hasBin: true

  linkify-it@5.0.0:
    resolution:
      {
        integrity: sha512-5aHCbzQRADcdP+ATqnDuhhJ/MRIqDkZX5pyjFHRRysS8vZ5AbqGEoFIb6pYHPZ+L/OC2Lc+xT8uHVVR5CAK/wQ==,
      }

  lru-cache@11.2.2:
    resolution:
      {
        integrity: sha512-F9ODfyqML2coTIsQpSkRHnLSZMtkU8Q+mSfcaIyKwy58u+8k5nvAYeiNhsyMARvzNcXJ9QfWVrcPsC9e9rAxtg==,
      }
    engines: { node: 20 || >=22 }

  markdown-it-anchor@8.6.7:
    resolution:
      {
        integrity: sha512-FlCHFwNnutLgVTflOYHPW2pPcl2AACqVzExlkGQNsi4CJgqOHN7YTgDd4LuhgN1BFO3TS0vLAruV1Td6dwWPJA==,
      }
    peerDependencies:
      "@types/markdown-it": "*"
      markdown-it: "*"

  markdown-it@14.1.0:
    resolution:
      {
        integrity: sha512-a54IwgWPaeBCAAsv13YgmALOF1elABB08FxO9i+r4VFk5Vl4pKokRPeX8u5TCgSsPi6ec1otfLjdOpVcgbpshg==,
      }
    hasBin: true

  mdurl@2.0.0:
    resolution:
      {
        integrity: sha512-Lf+9+2r+Tdp5wXDXC4PcIBjTDtq4UKjCPMQhKIuzpJNW0b96kVqSwW0bT7FhRSfmAiFYgP+SCRvdrDozfh0U5w==,
      }

  minimatch@10.1.1:
    resolution:
      {
        integrity: sha512-enIvLvRAFZYXJzkCYG5RKmPfrFArdLv+R+lbQ53BmIMLIry74bjKzX6iHAm8WYamJkhSSEabrWN5D97XnKObjQ==,
      }
    engines: { node: 20 || >=22 }

  minipass@7.1.2:
    resolution:
      {
        integrity: sha512-qOOzS1cBTWYF4BH8fVePDBOO9iptMnGUEZwNc/cMWnTV2nVLZ7VoNWEPHkYczZA0pdoA7dl6e7FL659nX9S2aw==,
      }
    engines: { node: ">=16 || 14 >=14.17" }

  package-json-from-dist@1.0.1:
    resolution:
      {
        integrity: sha512-UEZIS3/by4OC8vL3P2dTXRETpebLI2NiI5vIrjaD/5UtrkFX/tNbwjTSRAGC/+7CAo2pIcBaRgWmcBBHcsaCIw==,
      }

  path-key@3.1.1:
    resolution:
      {
        integrity: sha512-ojmeN0qd+y0jszEtoY48r0Peq5dwMEkIlCOu6Q5f41lfkswXuKtYrhgoTpLnyIcHm24Uhqx+5Tqm2InSwLhE6Q==,
      }
    engines: { node: ">=8" }

  path-scurry@2.0.1:
    resolution:
      {
        integrity: sha512-oWyT4gICAu+kaA7QWk/jvCHWarMKNs6pXOGWKDTr7cw4IGcUbW+PeTfbaQiLGheFRpjo6O9J0PmyMfQPjH71oA==,
      }
    engines: { node: 20 || >=22 }

  pathe@2.0.3:
    resolution:
      {
        integrity: sha512-WUjGcAqP1gQacoQe+OBJsFA7Ld4DyXuUIjZ5cc75cLHvJ7dtNsTugphxIADwspS+AraAUePCKrSVtPLFj/F88w==,
      }

  prettier@3.6.2:
    resolution:
      {
        integrity: sha512-I7AIg5boAr5R0FFtJ6rCfD+LFsWHp81dolrFD8S79U9tb8Az2nGrJncnMSnys+bpQJfRUzqs9hnA81OAA3hCuQ==,
      }
    engines: { node: ">=14" }
    hasBin: true

  punycode.js@2.3.1:
    resolution:
      {
        integrity: sha512-uxFIHU0YlHYhDQtV4R9J6a52SLx28BCjT+4ieh7IGbgwVJWO+km431c4yRlREUAsAmt/uMjQUyQHNEPf0M39CA==,
      }
    engines: { node: ">=6" }

  resolve-pkg-maps@1.0.0:
    resolution:
      {
        integrity: sha512-seS2Tj26TBVOC2NIc2rOe2y2ZO7efxITtLZcGSOnHHNOQ7CkiUBfw0Iw2ck6xkIhPwLhKNLS8BO+hEpngQlqzw==,
      }

  section-matter@1.0.0:
    resolution:
      {
        integrity: sha512-vfD3pmTzGpufjScBh50YHKzEu2lxBWhVEHsNGoEXmCmn2hKGfeNLYMzCJpe8cD7gqX7TJluOVpBkAequ6dgMmA==,
      }
    engines: { node: ">=4" }

  shebang-command@2.0.0:
    resolution:
      {
        integrity: sha512-kHxr2zZpYtdmrN1qDjrrX/Z1rR1kG8Dx+gkpK1G4eXmvXswmcE1hTWBWYUzlraYw1/yZp6YuDY77YtvbN0dmDA==,
      }
    engines: { node: ">=8" }

  shebang-regex@3.0.0:
    resolution:
      {
        integrity: sha512-7++dFhtcx3353uBaq8DDR4NuxBetBzC7ZQOhmTQInHEd6bSrXdiEyzCvG07Z44UYdLShWUyXt5M/yhz8ekcb1A==,
      }
    engines: { node: ">=8" }

  signal-exit@4.1.0:
    resolution:
      {
        integrity: sha512-bzyZ1e88w9O1iNJbKnOlvYTrWPDl46O1bG0D3XInv+9tkPrxrN8jUUTiFlDkkmKWgn1M6CfIA13SuGqOa9Korw==,
      }
    engines: { node: ">=14" }

  sprintf-js@1.0.3:
    resolution:
      {
        integrity: sha512-D9cPgkvLlV3t3IzL0D0YLvGA9Ahk4PcvVwUbN0dSGr1aP0Nrt4AEnTUbuGvquEC0mA64Gqt1fzirlRs5ibXx8g==,
      }

  string-width@4.2.3:
    resolution:
      {
        integrity: sha512-wKyQRQpjJ0sIp62ErSZdGsjMJWsap5oRNihHhu6G7JVO/9jIB6UyevL+tXuOqrng8j/cxKTWyWUwvSTriiZz/g==,
      }
    engines: { node: ">=8" }

  string-width@5.1.2:
    resolution:
      {
        integrity: sha512-HnLOCR3vjcY8beoNLtcjZ5/nxn2afmME6lhrDrebokqMap+XbeW8n9TXpPDOqdGK5qcI3oT0GKTW6wC7EMiVqA==,
      }
    engines: { node: ">=12" }

  strip-ansi@6.0.1:
    resolution:
      {
        integrity: sha512-Y38VPSHcqkFrCpFnQ9vuSXmquuv5oXOKpGeT6aGrr3o3Gc9AlVa6JBfUSOCnbxGGZF+/0ooI7KrPuUSztUdU5A==,
      }
    engines: { node: ">=8" }

  strip-ansi@7.1.2:
    resolution:
      {
        integrity: sha512-gmBGslpoQJtgnMAvOVqGZpEz9dyoKTCzy2nfz/n8aIFhN/jCE/rCmcxabB6jOOHV+0WNnylOxaxBQPSvcWklhA==,
      }
    engines: { node: ">=12" }

  strip-bom-string@1.0.0:
    resolution:
      {
        integrity: sha512-uCC2VHvQRYu+lMh4My/sFNmF2klFymLX1wHJeXnbEJERpV/ZsVuonzerjfrGpIGF7LBVa1O7i9kjiWvJiFck8g==,
      }
    engines: { node: ">=0.10.0" }

  tsx@4.20.6:
    resolution:
      {
        integrity: sha512-ytQKuwgmrrkDTFP4LjR0ToE2nqgy886GpvRSpU0JAnrdBYppuY5rLkRUYPU1yCryb24SsKBTL/hlDQAEFVwtZg==,
      }
    engines: { node: ">=18.0.0" }
    hasBin: true

  typescript@5.9.3:
    resolution:
      {
        integrity: sha512-jl1vZzPDinLr9eUt3J/t7V6FgNEw9QjvBPdysz9KfQDD41fQrC2Y4vKQdiaUpFT4bXlb1RHhLpp8wtm6M5TgSw==,
      }
    engines: { node: ">=14.17" }
    hasBin: true

  uc.micro@2.1.0:
    resolution:
      {
        integrity: sha512-ARDJmphmdvUk6Glw7y9DQ2bFkKBHwQHLi2lsaH6PPmz/Ka9sFOBsBluozhDltWmnv9u/cF6Rt87znRTPV+yp/A==,
      }

  undici-types@6.21.0:
    resolution:
      {
        integrity: sha512-iwDZqg0QAGrg9Rav5H4n0M64c3mkR59cJ6wQp+7C4nI0gsmExaedaYLNO44eT4AtBBwjbTiGPMlt2Md0T9H9JQ==,
      }

  which@2.0.2:
    resolution:
      {
        integrity: sha512-BLI3Tl1TW3Pvl70l3yq3Y64i+awpwXqsGBYWkkqMtnbXgrMD+yj7rhW0kuEDxzJaYXGjEW5ogapKNMEKNMjibA==,
      }
    engines: { node: ">= 8" }
    hasBin: true

  wrap-ansi@7.0.0:
    resolution:
      {
        integrity: sha512-YVGIj2kamLSTxw6NsZjoBxfSwsn0ycdesmc4p+Q21c5zPuZ1pl+NfxVdxPtdHvmNVOQ6XSYG4AUtyt/Fi7D16Q==,
      }
    engines: { node: ">=10" }

  wrap-ansi@8.1.0:
    resolution:
      {
        integrity: sha512-si7QWI6zUMq56bESFvagtmzMdGOtoxfR+Sez11Mobfc7tm+VkUckk9bW2UeffTGVUbOksxmSw0AA2gs8g71NCQ==,
      }
    engines: { node: ">=12" }

  zod@4.1.12:
    resolution:
      {
        integrity: sha512-JInaHOamG8pt5+Ey8kGmdcAcg3OL9reK8ltczgHTAwNhMys/6ThXHityHxVV2p3fkw/c+MAvBHFVYHFZDmjMCQ==,
      }

snapshots:
  "@ai-sdk/deepseek@1.0.27(zod@4.1.12)":
    dependencies:
      "@ai-sdk/openai-compatible": 1.0.26(zod@4.1.12)
      "@ai-sdk/provider": 2.0.0
      "@ai-sdk/provider-utils": 3.0.16(zod@4.1.12)
      zod: 4.1.12

  "@ai-sdk/gateway@2.0.7(zod@4.1.12)":
    dependencies:
      "@ai-sdk/provider": 2.0.0
      "@ai-sdk/provider-utils": 3.0.16(zod@4.1.12)
      "@vercel/oidc": 3.0.3
      zod: 4.1.12

  "@ai-sdk/openai-compatible@1.0.26(zod@4.1.12)":
    dependencies:
      "@ai-sdk/provider": 2.0.0
      "@ai-sdk/provider-utils": 3.0.16(zod@4.1.12)
      zod: 4.1.12

  "@ai-sdk/openai@2.0.64(zod@4.1.12)":
    dependencies:
      "@ai-sdk/provider": 2.0.0
      "@ai-sdk/provider-utils": 3.0.16(zod@4.1.12)
      zod: 4.1.12

  "@ai-sdk/provider-utils@3.0.16(zod@4.1.12)":
    dependencies:
      "@ai-sdk/provider": 2.0.0
      "@standard-schema/spec": 1.0.0
      eventsource-parser: 3.0.6
      zod: 4.1.12

  "@ai-sdk/provider@2.0.0":
    dependencies:
      json-schema: 0.4.0

  "@esbuild/aix-ppc64@0.25.12":
    optional: true

  "@esbuild/android-arm64@0.25.12":
    optional: true

  "@esbuild/android-arm@0.25.12":
    optional: true

  "@esbuild/android-x64@0.25.12":
    optional: true

  "@esbuild/darwin-arm64@0.25.12":
    optional: true

  "@esbuild/darwin-x64@0.25.12":
    optional: true

  "@esbuild/freebsd-arm64@0.25.12":
    optional: true

  "@esbuild/freebsd-x64@0.25.12":
    optional: true

  "@esbuild/linux-arm64@0.25.12":
    optional: true

  "@esbuild/linux-arm@0.25.12":
    optional: true

  "@esbuild/linux-ia32@0.25.12":
    optional: true

  "@esbuild/linux-loong64@0.25.12":
    optional: true

  "@esbuild/linux-mips64el@0.25.12":
    optional: true

  "@esbuild/linux-ppc64@0.25.12":
    optional: true

  "@esbuild/linux-riscv64@0.25.12":
    optional: true

  "@esbuild/linux-s390x@0.25.12":
    optional: true

  "@esbuild/linux-x64@0.25.12":
    optional: true

  "@esbuild/netbsd-arm64@0.25.12":
    optional: true

  "@esbuild/netbsd-x64@0.25.12":
    optional: true

  "@esbuild/openbsd-arm64@0.25.12":
    optional: true

  "@esbuild/openbsd-x64@0.25.12":
    optional: true

  "@esbuild/openharmony-arm64@0.25.12":
    optional: true

  "@esbuild/sunos-x64@0.25.12":
    optional: true

  "@esbuild/win32-arm64@0.25.12":
    optional: true

  "@esbuild/win32-ia32@0.25.12":
    optional: true

  "@esbuild/win32-x64@0.25.12":
    optional: true

  "@isaacs/balanced-match@4.0.1": {}

  "@isaacs/brace-expansion@5.0.0":
    dependencies:
      "@isaacs/balanced-match": 4.0.1

  "@isaacs/cliui@8.0.2":
    dependencies:
      string-width: 5.1.2
      string-width-cjs: string-width@4.2.3
      strip-ansi: 7.1.2
      strip-ansi-cjs: strip-ansi@6.0.1
      wrap-ansi: 8.1.0
      wrap-ansi-cjs: wrap-ansi@7.0.0

  "@opentelemetry/api@1.9.0": {}

  "@standard-schema/spec@1.0.0": {}

  "@types/linkify-it@5.0.0": {}

  "@types/markdown-it@14.1.2":
    dependencies:
      "@types/linkify-it": 5.0.0
      "@types/mdurl": 2.0.0

  "@types/mdurl@2.0.0": {}

  "@types/node@22.19.0":
    dependencies:
      undici-types: 6.21.0

  "@vercel/oidc@3.0.3": {}

  ai@5.0.89(zod@4.1.12):
    dependencies:
      "@ai-sdk/gateway": 2.0.7(zod@4.1.12)
      "@ai-sdk/provider": 2.0.0
      "@ai-sdk/provider-utils": 3.0.16(zod@4.1.12)
      "@opentelemetry/api": 1.9.0
      zod: 4.1.12

  ansi-regex@5.0.1: {}

  ansi-regex@6.2.2: {}

  ansi-styles@4.3.0:
    dependencies:
      color-convert: 2.0.1

  ansi-styles@6.2.3: {}

  argparse@1.0.10:
    dependencies:
      sprintf-js: 1.0.3

  argparse@2.0.1: {}

  color-convert@2.0.1:
    dependencies:
      color-name: 1.1.4

  color-name@1.1.4: {}

  cross-spawn@7.0.6:
    dependencies:
      path-key: 3.1.1
      shebang-command: 2.0.0
      which: 2.0.2

  dayjs@1.11.19: {}

  dotenv@17.2.3: {}

  eastasianwidth@0.2.0: {}

  emoji-regex@8.0.0: {}

  emoji-regex@9.2.2: {}

  entities@4.5.0: {}

  esbuild@0.25.12:
    optionalDependencies:
      "@esbuild/aix-ppc64": 0.25.12
      "@esbuild/android-arm": 0.25.12
      "@esbuild/android-arm64": 0.25.12
      "@esbuild/android-x64": 0.25.12
      "@esbuild/darwin-arm64": 0.25.12
      "@esbuild/darwin-x64": 0.25.12
      "@esbuild/freebsd-arm64": 0.25.12
      "@esbuild/freebsd-x64": 0.25.12
      "@esbuild/linux-arm": 0.25.12
      "@esbuild/linux-arm64": 0.25.12
      "@esbuild/linux-ia32": 0.25.12
      "@esbuild/linux-loong64": 0.25.12
      "@esbuild/linux-mips64el": 0.25.12
      "@esbuild/linux-ppc64": 0.25.12
      "@esbuild/linux-riscv64": 0.25.12
      "@esbuild/linux-s390x": 0.25.12
      "@esbuild/linux-x64": 0.25.12
      "@esbuild/netbsd-arm64": 0.25.12
      "@esbuild/netbsd-x64": 0.25.12
      "@esbuild/openbsd-arm64": 0.25.12
      "@esbuild/openbsd-x64": 0.25.12
      "@esbuild/openharmony-arm64": 0.25.12
      "@esbuild/sunos-x64": 0.25.12
      "@esbuild/win32-arm64": 0.25.12
      "@esbuild/win32-ia32": 0.25.12
      "@esbuild/win32-x64": 0.25.12

  esprima@4.0.1: {}

  eventsource-parser@3.0.6: {}

  extend-shallow@2.0.1:
    dependencies:
      is-extendable: 0.1.1

  foreground-child@3.3.1:
    dependencies:
      cross-spawn: 7.0.6
      signal-exit: 4.1.0

  fsevents@2.3.3:
    optional: true

  get-tsconfig@4.13.0:
    dependencies:
      resolve-pkg-maps: 1.0.0

  glob@11.0.3:
    dependencies:
      foreground-child: 3.3.1
      jackspeak: 4.1.1
      minimatch: 10.1.1
      minipass: 7.1.2
      package-json-from-dist: 1.0.1
      path-scurry: 2.0.1

  gray-matter@4.0.3:
    dependencies:
      js-yaml: 3.14.1
      kind-of: 6.0.3
      section-matter: 1.0.0
      strip-bom-string: 1.0.0

  highlight.js@11.11.1: {}

  is-extendable@0.1.1: {}

  is-fullwidth-code-point@3.0.0: {}

  isexe@2.0.0: {}

  jackspeak@4.1.1:
    dependencies:
      "@isaacs/cliui": 8.0.2

  js-yaml@3.14.1:
    dependencies:
      argparse: 1.0.10
      esprima: 4.0.1

  json-schema@0.4.0: {}

  kind-of@6.0.3: {}

  lefthook-darwin-arm64@1.13.6:
    optional: true

  lefthook-darwin-x64@1.13.6:
    optional: true

  lefthook-freebsd-arm64@1.13.6:
    optional: true

  lefthook-freebsd-x64@1.13.6:
    optional: true

  lefthook-linux-arm64@1.13.6:
    optional: true

  lefthook-linux-x64@1.13.6:
    optional: true

  lefthook-openbsd-arm64@1.13.6:
    optional: true

  lefthook-openbsd-x64@1.13.6:
    optional: true

  lefthook-windows-arm64@1.13.6:
    optional: true

  lefthook-windows-x64@1.13.6:
    optional: true

  lefthook@1.13.6:
    optionalDependencies:
      lefthook-darwin-arm64: 1.13.6
      lefthook-darwin-x64: 1.13.6
      lefthook-freebsd-arm64: 1.13.6
      lefthook-freebsd-x64: 1.13.6
      lefthook-linux-arm64: 1.13.6
      lefthook-linux-x64: 1.13.6
      lefthook-openbsd-arm64: 1.13.6
      lefthook-openbsd-x64: 1.13.6
      lefthook-windows-arm64: 1.13.6
      lefthook-windows-x64: 1.13.6

  linkify-it@5.0.0:
    dependencies:
      uc.micro: 2.1.0

  lru-cache@11.2.2: {}

  markdown-it-anchor@8.6.7(@types/markdown-it@14.1.2)(markdown-it@14.1.0):
    dependencies:
      "@types/markdown-it": 14.1.2
      markdown-it: 14.1.0

  markdown-it@14.1.0:
    dependencies:
      argparse: 2.0.1
      entities: 4.5.0
      linkify-it: 5.0.0
      mdurl: 2.0.0
      punycode.js: 2.3.1
      uc.micro: 2.1.0

  mdurl@2.0.0: {}

  minimatch@10.1.1:
    dependencies:
      "@isaacs/brace-expansion": 5.0.0

  minipass@7.1.2: {}

  package-json-from-dist@1.0.1: {}

  path-key@3.1.1: {}

  path-scurry@2.0.1:
    dependencies:
      lru-cache: 11.2.2
      minipass: 7.1.2

  pathe@2.0.3: {}

  prettier@3.6.2: {}

  punycode.js@2.3.1: {}

  resolve-pkg-maps@1.0.0: {}

  section-matter@1.0.0:
    dependencies:
      extend-shallow: 2.0.1
      kind-of: 6.0.3

  shebang-command@2.0.0:
    dependencies:
      shebang-regex: 3.0.0

  shebang-regex@3.0.0: {}

  signal-exit@4.1.0: {}

  sprintf-js@1.0.3: {}

  string-width@4.2.3:
    dependencies:
      emoji-regex: 8.0.0
      is-fullwidth-code-point: 3.0.0
      strip-ansi: 6.0.1

  string-width@5.1.2:
    dependencies:
      eastasianwidth: 0.2.0
      emoji-regex: 9.2.2
      strip-ansi: 7.1.2

  strip-ansi@6.0.1:
    dependencies:
      ansi-regex: 5.0.1

  strip-ansi@7.1.2:
    dependencies:
      ansi-regex: 6.2.2

  strip-bom-string@1.0.0: {}

  tsx@4.20.6:
    dependencies:
      esbuild: 0.25.12
      get-tsconfig: 4.13.0
    optionalDependencies:
      fsevents: 2.3.3

  typescript@5.9.3: {}

  uc.micro@2.1.0: {}

  undici-types@6.21.0: {}

  which@2.0.2:
    dependencies:
      isexe: 2.0.0

  wrap-ansi@7.0.0:
    dependencies:
      ansi-styles: 4.3.0
      string-width: 4.2.3
      strip-ansi: 6.0.1

  wrap-ansi@8.1.0:
    dependencies:
      ansi-styles: 6.2.3
      string-width: 5.1.2
      strip-ansi: 7.1.2

  zod@4.1.12: {}
